{
   "name": "late-night-programming",
   "version": "0.0.1",
   "lockfileVersion": 2,
   "requires": true,
   "packages": {
      "": {
         "name": "late-night-programming",
         "version": "0.0.1",
         "engines": {
            "node": "^16.0.0",
            "vscode": "^1.65.0"
         }
      }
   }
}
